
Microsoft Visual Studio Solution File, Format Version 12.00
# Visual Studio Version 16
VisualStudioVersion = 16.0.30114.105
MinimumVisualStudioVersion = 10.0.40219.1
Project("{2150E333-8FDC-42A3-9474-1A3956D46DE8}") = "src", "src", "{89924282-7A14-4FB4-9598-E61806FEF5C0}"
EndProject
Project("{FAE04EC0-301F-11D3-BF4B-00C04F79EFBC}") = "LibraryAPI", "src\LibraryAPI\LibraryAPI.csproj", "{811BC0E5-A229-4BBA-A40A-0C467C1A1D5A}"
EndProject
Project("{2150E333-8FDC-42A3-9474-1A3956D46DE8}") = "test", "test", "{828B740C-B335-4F58-94AB-74278AECEFE7}"
EndProject
Project("{FAE04EC0-301F-11D3-BF4B-00C04F79EFBC}") = "LibraryAPI.Tests", "test\LibraryAPI.Tests\LibraryAPI.Tests.csproj", "{D10C6283-064B-4546-B011-DB1A80325A48}"
EndProject
Global
	GlobalSection(SolutionConfigurationPlatforms) = preSolution
		Debug|Any CPU = Debug|Any CPU
		Release|Any CPU = Release|Any CPU
	EndGlobalSection
	GlobalSection(SolutionProperties) = preSolution
		HideSolutionNode = FALSE
	EndGlobalSection
	GlobalSection(ProjectConfigurationPlatforms) = postSolution
		{811BC0E5-A229-4BBA-A40A-0C467C1A1D5A}.Debug|Any CPU.ActiveCfg = Debug|Any CPU
		{811BC0E5-A229-4BBA-A40A-0C467C1A1D5A}.Debug|Any CPU.Build.0 = Debug|Any CPU
		{811BC0E5-A229-4BBA-A40A-0C467C1A1D5A}.Release|Any CPU.ActiveCfg = Release|Any CPU
		{811BC0E5-A229-4BBA-A40A-0C467C1A1D5A}.Release|Any CPU.Build.0 = Release|Any CPU
		{D10C6283-064B-4546-B011-DB1A80325A48}.Debug|Any CPU.ActiveCfg = Debug|Any CPU
		{D10C6283-064B-4546-B011-DB1A80325A48}.Debug|Any CPU.Build.0 = Debug|Any CPU
		{D10C6283-064B-4546-B011-DB1A80325A48}.Release|Any CPU.ActiveCfg = Release|Any CPU
		{D10C6283-064B-4546-B011-DB1A80325A48}.Release|Any CPU.Build.0 = Release|Any CPU
	EndGlobalSection
	GlobalSection(NestedProjects) = preSolution
		{811BC0E5-A229-4BBA-A40A-0C467C1A1D5A} = {89924282-7A14-4FB4-9598-E61806FEF5C0}
		{D10C6283-064B-4546-B011-DB1A80325A48} = {828B740C-B335-4F58-94AB-74278AECEFE7}
	EndGlobalSection
EndGlobal
